
Microsoft Visual Studio Solution File, Format Version 12.00
# Visual Studio 15
VisualStudioVersion = 15.0.27428.2037
MinimumVisualStudioVersion = 10.0.40219.1
Project("{FAE04EC0-301F-11D3-BF4B-00C04F79EFBC}") = "Card_game", "Card_game\Card_game.csproj", "{A7CACE54-224F-4ABE-B370-10E50A69C878}"
EndProject
Global
	GlobalSection(SolutionConfigurationPlatforms) = preSolution
		Debug|Any CPU = Debug|Any CPU
		Release|Any CPU = Release|Any CPU
	EndGlobalSection
	GlobalSection(ProjectConfigurationPlatforms) = postSolution
		{A7CACE54-224F-4ABE-B370-10E50A69C878}.Debug|Any CPU.ActiveCfg = Debug|Any CPU
		{A7CACE54-224F-4ABE-B370-10E50A69C878}.Debug|Any CPU.Build.0 = Debug|Any CPU
		{A7CACE54-224F-4ABE-B370-10E50A69C878}.Release|Any CPU.ActiveCfg = Release|Any CPU
		{A7CACE54-224F-4ABE-B370-10E50A69C878}.Release|Any CPU.Build.0 = Release|Any CPU
	EndGlobalSection
	GlobalSection(SolutionProperties) = preSolution
		HideSolutionNode = FALSE
	EndGlobalSection
	GlobalSection(ExtensibilityGlobals) = postSolution
		SolutionGuid = {488362B0-060A-470E-8F38-0389B79519A7}
	EndGlobalSection
EndGlobal
